// !$*UTF8*$!
{
	archiveVersion = 1;
	classes = {
	};
	objectVersion = 56;
	objects = {

/* Begin PBXBuildFile section */
		023700302C1F0B4E00CC69CE /* Profile.swift in Sources */ = {isa = PBXBuildFile; fileRef = 0237002F2C1F0B4E00CC69CE /* Profile.swift */; };
		023700322C1F0C0B00CC69CE /* ProfileHost.swift in Sources */ = {isa = PBXBuildFile; fileRef = 023700312C1F0C0B00CC69CE /* ProfileHost.swift */; };
		023700342C1F0C6000CC69CE /* ProfileSummary.swift in Sources */ = {isa = PBXBuildFile; fileRef = 023700332C1F0C6000CC69CE /* ProfileSummary.swift */; };
		023700362C1F112D00CC69CE /* HikeBadge.swift in Sources */ = {isa = PBXBuildFile; fileRef = 023700352C1F112D00CC69CE /* HikeBadge.swift */; };
		023700382C1F186500CC69CE /* ProfileEditor.swift in Sources */ = {isa = PBXBuildFile; fileRef = 023700372C1F186500CC69CE /* ProfileEditor.swift */; };
		083F791B2C1BCCEF005E552A /* LandmarksApp.swift in Sources */ = {isa = PBXBuildFile; fileRef = 083F791A2C1BCCEF005E552A /* LandmarksApp.swift */; };
		083F791D2C1BCCEF005E552A /* ContentView.swift in Sources */ = {isa = PBXBuildFile; fileRef = 083F791C2C1BCCEF005E552A /* ContentView.swift */; };
		083F791F2C1BCCF1005E552A /* Assets.xcassets in Resources */ = {isa = PBXBuildFile; fileRef = 083F791E2C1BCCF1005E552A /* Assets.xcassets */; };
		083F79222C1BCCF1005E552A /* Preview Assets.xcassets in Resources */ = {isa = PBXBuildFile; fileRef = 083F79212C1BCCF1005E552A /* Preview Assets.xcassets */; };
		083F79292C1BDB89005E552A /* CircleImage.swift in Sources */ = {isa = PBXBuildFile; fileRef = 083F79282C1BDB89005E552A /* CircleImage.swift */; };
		083F792B2C1BDC2D005E552A /* MapView.swift in Sources */ = {isa = PBXBuildFile; fileRef = 083F792A2C1BDC2D005E552A /* MapView.swift */; };
		083F792D2C1BE02E005E552A /* landmarkData.json in Resources */ = {isa = PBXBuildFile; fileRef = 083F792C2C1BE02E005E552A /* landmarkData.json */; };
		083F792F2C1BE053005E552A /* Landmark.swift in Sources */ = {isa = PBXBuildFile; fileRef = 083F792E2C1BE053005E552A /* Landmark.swift */; };
		083F79312C1BE277005E552A /* Data.swift in Sources */ = {isa = PBXBuildFile; fileRef = 083F79302C1BE277005E552A /* Data.swift */; };
		083F79352C1BE3A1005E552A /* LandmarkRow.swift in Sources */ = {isa = PBXBuildFile; fileRef = 083F79342C1BE3A1005E552A /* LandmarkRow.swift */; };
		083F79372C1BE543005E552A /* LandmarkList.swift in Sources */ = {isa = PBXBuildFile; fileRef = 083F79362C1BE543005E552A /* LandmarkList.swift */; };
		083F793A2C1BE66E005E552A /* LandmarkDetail.swift in Sources */ = {isa = PBXBuildFile; fileRef = 083F79392C1BE66E005E552A /* LandmarkDetail.swift */; };
		083F793C2C1C0AB8005E552A /* FavoriteButton.swift in Sources */ = {isa = PBXBuildFile; fileRef = 083F793B2C1C0AB8005E552A /* FavoriteButton.swift */; };
		083F79402C1C0FD2005E552A /* HexagonParameters.swift in Sources */ = {isa = PBXBuildFile; fileRef = 083F793F2C1C0FD2005E552A /* HexagonParameters.swift */; };
		083F79442C1C10C2005E552A /* BadgeBackground.swift in Sources */ = {isa = PBXBuildFile; fileRef = 083F79432C1C10C2005E552A /* BadgeBackground.swift */; };
		083F79462C1C13DB005E552A /* BadgeSymbol.swift in Sources */ = {isa = PBXBuildFile; fileRef = 083F79452C1C13DB005E552A /* BadgeSymbol.swift */; };
		083F79482C1C1499005E552A /* RotatedBadgeSymbol.swift in Sources */ = {isa = PBXBuildFile; fileRef = 083F79472C1C1499005E552A /* RotatedBadgeSymbol.swift */; };
		083F794A2C1C14EC005E552A /* Badge.swift in Sources */ = {isa = PBXBuildFile; fileRef = 083F79492C1C14EC005E552A /* Badge.swift */; };
		083F79512C1C170A005E552A /* GraphCapsule.swift in Sources */ = {isa = PBXBuildFile; fileRef = 083F794D2C1C170A005E552A /* GraphCapsule.swift */; };
		083F79522C1C170A005E552A /* HikeGraph.swift in Sources */ = {isa = PBXBuildFile; fileRef = 083F794E2C1C170A005E552A /* HikeGraph.swift */; };
		083F79532C1C170A005E552A /* HikeDetail.swift in Sources */ = {isa = PBXBuildFile; fileRef = 083F794F2C1C170A005E552A /* HikeDetail.swift */; };
		083F79542C1C170A005E552A /* HikeView.swift in Sources */ = {isa = PBXBuildFile; fileRef = 083F79502C1C170A005E552A /* HikeView.swift */; };
		083F79562C1C172C005E552A /* hikeData.json in Resources */ = {isa = PBXBuildFile; fileRef = 083F79552C1C172C005E552A /* hikeData.json */; };
		083F79582C1C1765005E552A /* Hike.swift in Sources */ = {isa = PBXBuildFile; fileRef = 083F79572C1C1765005E552A /* Hike.swift */; };
		083F795A2C1C221A005E552A /* CategoryHome.swift in Sources */ = {isa = PBXBuildFile; fileRef = 083F79592C1C221A005E552A /* CategoryHome.swift */; };
		083F795C2C1C2370005E552A /* CategoryRow.swift in Sources */ = {isa = PBXBuildFile; fileRef = 083F795B2C1C2370005E552A /* CategoryRow.swift */; };
		083F795E2C1C24AB005E552A /* CategoryItem.swift in Sources */ = {isa = PBXBuildFile; fileRef = 083F795D2C1C24AB005E552A /* CategoryItem.swift */; };
		08C285232C1FBCBB002C7735 /* PageViewController.swift in Sources */ = {isa = PBXBuildFile; fileRef = 08C285222C1FBCBB002C7735 /* PageViewController.swift */; };
		08C285252C1FBE3E002C7735 /* FeatureCard.swift in Sources */ = {isa = PBXBuildFile; fileRef = 08C285242C1FBE3E002C7735 /* FeatureCard.swift */; };
		08C285272C1FBFF1002C7735 /* PageView.swift in Sources */ = {isa = PBXBuildFile; fileRef = 08C285262C1FBFF1002C7735 /* PageView.swift */; };
		08C285292C1FC481002C7735 /* PageControl.swift in Sources */ = {isa = PBXBuildFile; fileRef = 08C285282C1FC481002C7735 /* PageControl.swift */; };
/* End PBXBuildFile section */

/* Begin PBXFileReference section */
		0237002F2C1F0B4E00CC69CE /* Profile.swift */ = {isa = PBXFileReference; lastKnownFileType = sourcecode.swift; path = Profile.swift; sourceTree = "<group>"; };
		023700312C1F0C0B00CC69CE /* ProfileHost.swift */ = {isa = PBXFileReference; lastKnownFileType = sourcecode.swift; path = ProfileHost.swift; sourceTree = "<group>"; };
		023700332C1F0C6000CC69CE /* ProfileSummary.swift */ = {isa = PBXFileReference; lastKnownFileType = sourcecode.swift; path = ProfileSummary.swift; sourceTree = "<group>"; };
		023700352C1F112D00CC69CE /* HikeBadge.swift */ = {isa = PBXFileReference; lastKnownFileType = sourcecode.swift; path = HikeBadge.swift; sourceTree = "<group>"; };
		023700372C1F186500CC69CE /* ProfileEditor.swift */ = {isa = PBXFileReference; lastKnownFileType = sourcecode.swift; path = ProfileEditor.swift; sourceTree = "<group>"; };
		083F79172C1BCCEF005E552A /* Landmarks.app */ = {isa = PBXFileReference; explicitFileType = wrapper.application; includeInIndex = 0; path = Landmarks.app; sourceTree = BUILT_PRODUCTS_DIR; };
		083F791A2C1BCCEF005E552A /* LandmarksApp.swift */ = {isa = PBXFileReference; lastKnownFileType = sourcecode.swift; path = LandmarksApp.swift; sourceTree = "<group>"; };
		083F791C2C1BCCEF005E552A /* ContentView.swift */ = {isa = PBXFileReference; lastKnownFileType = sourcecode.swift; path = ContentView.swift; sourceTree = "<group>"; };
		083F791E2C1BCCF1005E552A /* Assets.xcassets */ = {isa = PBXFileReference; lastKnownFileType = folder.assetcatalog; path = Assets.xcassets; sourceTree = "<group>"; };
		083F79212C1BCCF1005E552A /* Preview Assets.xcassets */ = {isa = PBXFileReference; lastKnownFileType = folder.assetcatalog; path = "Preview Assets.xcassets"; sourceTree = "<group>"; };
		083F79282C1BDB89005E552A /* CircleImage.swift */ = {isa = PBXFileReference; lastKnownFileType = sourcecode.swift; path = CircleImage.swift; sourceTree = "<group>"; };
		083F792A2C1BDC2D005E552A /* MapView.swift */ = {isa = PBXFileReference; lastKnownFileType = sourcecode.swift; path = MapView.swift; sourceTree = "<group>"; };
		083F792C2C1BE02E005E552A /* landmarkData.json */ = {isa = PBXFileReference; fileEncoding = 4; lastKnownFileType = text.json; path = landmarkData.json; sourceTree = "<group>"; };
		083F792E2C1BE053005E552A /* Landmark.swift */ = {isa = PBXFileReference; lastKnownFileType = sourcecode.swift; path = Landmark.swift; sourceTree = "<group>"; };
		083F79302C1BE277005E552A /* Data.swift */ = {isa = PBXFileReference; lastKnownFileType = sourcecode.swift; path = Data.swift; sourceTree = "<group>"; };
		083F79342C1BE3A1005E552A /* LandmarkRow.swift */ = {isa = PBXFileReference; lastKnownFileType = sourcecode.swift; path = LandmarkRow.swift; sourceTree = "<group>"; };
		083F79362C1BE543005E552A /* LandmarkList.swift */ = {isa = PBXFileReference; lastKnownFileType = sourcecode.swift; path = LandmarkList.swift; sourceTree = "<group>"; };
		083F79392C1BE66E005E552A /* LandmarkDetail.swift */ = {isa = PBXFileReference; lastKnownFileType = sourcecode.swift; path = LandmarkDetail.swift; sourceTree = "<group>"; };
		083F793B2C1C0AB8005E552A /* FavoriteButton.swift */ = {isa = PBXFileReference; lastKnownFileType = sourcecode.swift; path = FavoriteButton.swift; sourceTree = "<group>"; };
		083F793F2C1C0FD2005E552A /* HexagonParameters.swift */ = {isa = PBXFileReference; lastKnownFileType = sourcecode.swift; path = HexagonParameters.swift; sourceTree = "<group>"; };
		083F79432C1C10C2005E552A /* BadgeBackground.swift */ = {isa = PBXFileReference; lastKnownFileType = sourcecode.swift; path = BadgeBackground.swift; sourceTree = "<group>"; };
		083F79452C1C13DB005E552A /* BadgeSymbol.swift */ = {isa = PBXFileReference; lastKnownFileType = sourcecode.swift; path = BadgeSymbol.swift; sourceTree = "<group>"; };
		083F79472C1C1499005E552A /* RotatedBadgeSymbol.swift */ = {isa = PBXFileReference; lastKnownFileType = sourcecode.swift; path = RotatedBadgeSymbol.swift; sourceTree = "<group>"; };
		083F79492C1C14EC005E552A /* Badge.swift */ = {isa = PBXFileReference; lastKnownFileType = sourcecode.swift; path = Badge.swift; sourceTree = "<group>"; };
		083F794D2C1C170A005E552A /* GraphCapsule.swift */ = {isa = PBXFileReference; fileEncoding = 4; lastKnownFileType = sourcecode.swift; path = GraphCapsule.swift; sourceTree = "<group>"; };
		083F794E2C1C170A005E552A /* HikeGraph.swift */ = {isa = PBXFileReference; fileEncoding = 4; lastKnownFileType = sourcecode.swift; path = HikeGraph.swift; sourceTree = "<group>"; };
		083F794F2C1C170A005E552A /* HikeDetail.swift */ = {isa = PBXFileReference; fileEncoding = 4; lastKnownFileType = sourcecode.swift; path = HikeDetail.swift; sourceTree = "<group>"; };
		083F79502C1C170A005E552A /* HikeView.swift */ = {isa = PBXFileReference; fileEncoding = 4; lastKnownFileType = sourcecode.swift; path = HikeView.swift; sourceTree = "<group>"; };
		083F79552C1C172C005E552A /* hikeData.json */ = {isa = PBXFileReference; fileEncoding = 4; lastKnownFileType = text.json; path = hikeData.json; sourceTree = "<group>"; };
		083F79572C1C1765005E552A /* Hike.swift */ = {isa = PBXFileReference; lastKnownFileType = sourcecode.swift; path = Hike.swift; sourceTree = "<group>"; };
		083F79592C1C221A005E552A /* CategoryHome.swift */ = {isa = PBXFileReference; lastKnownFileType = sourcecode.swift; path = CategoryHome.swift; sourceTree = "<group>"; };
		083F795B2C1C2370005E552A /* CategoryRow.swift */ = {isa = PBXFileReference; lastKnownFileType = sourcecode.swift; path = CategoryRow.swift; sourceTree = "<group>"; };
		083F795D2C1C24AB005E552A /* CategoryItem.swift */ = {isa = PBXFileReference; lastKnownFileType = sourcecode.swift; path = CategoryItem.swift; sourceTree = "<group>"; };
		08C285222C1FBCBB002C7735 /* PageViewController.swift */ = {isa = PBXFileReference; lastKnownFileType = sourcecode.swift; path = PageViewController.swift; sourceTree = "<group>"; };
		08C285242C1FBE3E002C7735 /* FeatureCard.swift */ = {isa = PBXFileReference; lastKnownFileType = sourcecode.swift; path = FeatureCard.swift; sourceTree = "<group>"; };
		08C285262C1FBFF1002C7735 /* PageView.swift */ = {isa = PBXFileReference; lastKnownFileType = sourcecode.swift; path = PageView.swift; sourceTree = "<group>"; };
		08C285282C1FC481002C7735 /* PageControl.swift */ = {isa = PBXFileReference; lastKnownFileType = sourcecode.swift; path = PageControl.swift; sourceTree = "<group>"; };
/* End PBXFileReference section */

/* Begin PBXFrameworksBuildPhase section */
		083F79142C1BCCEF005E552A /* Frameworks */ = {
			isa = PBXFrameworksBuildPhase;
			buildActionMask = 2147483647;
			files = (
			);
			runOnlyForDeploymentPostprocessing = 0;
		};
/* End PBXFrameworksBuildPhase section */

/* Begin PBXGroup section */
		083F790E2C1BCCEF005E552A = {
			isa = PBXGroup;
			children = (
				083F79192C1BCCEF005E552A /* Landmarks */,
				083F79182C1BCCEF005E552A /* Products */,
			);
			sourceTree = "<group>";
		};
		083F79182C1BCCEF005E552A /* Products */ = {
			isa = PBXGroup;
			children = (
				083F79172C1BCCEF005E552A /* Landmarks.app */,
			);
			name = Products;
			sourceTree = "<group>";
		};
		083F79192C1BCCEF005E552A /* Landmarks */ = {
			isa = PBXGroup;
			children = (
				083F791A2C1BCCEF005E552A /* LandmarksApp.swift */,
				083F79332C1BE350005E552A /* Model */,
				083F79322C1BE344005E552A /* Views */,
				083F79382C1BE650005E552A /* Resources */,
				083F791E2C1BCCF1005E552A /* Assets.xcassets */,
				083F79202C1BCCF1005E552A /* Preview Content */,
			);
			path = Landmarks;
			sourceTree = "<group>";
		};
		083F79202C1BCCF1005E552A /* Preview Content */ = {
			isa = PBXGroup;
			children = (
				083F79212C1BCCF1005E552A /* Preview Assets.xcassets */,
			);
			path = "Preview Content";
			sourceTree = "<group>";
		};
		083F79322C1BE344005E552A /* Views */ = {
			isa = PBXGroup;
			children = (
				083F791C2C1BCCEF005E552A /* ContentView.swift */,
				083F794B2C1C156A005E552A /* Badges */,
				083F793E2C1C0B89005E552A /* Helper */,
				083F794C2C1C170A005E552A /* Hikes */,
				083F793D2C1C0B7F005E552A /* Landmarks */,
				083F79592C1C221A005E552A /* CategoryHome.swift */,
				083F795B2C1C2370005E552A /* CategoryRow.swift */,
				083F795D2C1C24AB005E552A /* CategoryItem.swift */,
				023700312C1F0C0B00CC69CE /* ProfileHost.swift */,
				023700332C1F0C6000CC69CE /* ProfileSummary.swift */,
				023700352C1F112D00CC69CE /* HikeBadge.swift */,
				023700372C1F186500CC69CE /* ProfileEditor.swift */,
				08C285222C1FBCBB002C7735 /* PageViewController.swift */,
				08C285242C1FBE3E002C7735 /* FeatureCard.swift */,
				08C285262C1FBFF1002C7735 /* PageView.swift */,
				08C285282C1FC481002C7735 /* PageControl.swift */,
			);
			path = Views;
			sourceTree = "<group>";
		};
		083F79332C1BE350005E552A /* Model */ = {
			isa = PBXGroup;
			children = (
				083F792E2C1BE053005E552A /* Landmark.swift */,
				083F79302C1BE277005E552A /* Data.swift */,
				083F79572C1C1765005E552A /* Hike.swift */,
				0237002F2C1F0B4E00CC69CE /* Profile.swift */,
			);
			path = Model;
			sourceTree = "<group>";
		};
		083F79382C1BE650005E552A /* Resources */ = {
			isa = PBXGroup;
			children = (
				083F792C2C1BE02E005E552A /* landmarkData.json */,
				083F79552C1C172C005E552A /* hikeData.json */,
			);
			path = Resources;
			sourceTree = "<group>";
		};
		083F793D2C1C0B7F005E552A /* Landmarks */ = {
			isa = PBXGroup;
			children = (
				083F79342C1BE3A1005E552A /* LandmarkRow.swift */,
				083F79362C1BE543005E552A /* LandmarkList.swift */,
				083F79392C1BE66E005E552A /* LandmarkDetail.swift */,
			);
			path = Landmarks;
			sourceTree = "<group>";
		};
		083F793E2C1C0B89005E552A /* Helper */ = {
			isa = PBXGroup;
			children = (
				083F79282C1BDB89005E552A /* CircleImage.swift */,
				083F792A2C1BDC2D005E552A /* MapView.swift */,
				083F793B2C1C0AB8005E552A /* FavoriteButton.swift */,
			);
			path = Helper;
			sourceTree = "<group>";
		};
		083F794B2C1C156A005E552A /* Badges */ = {
			isa = PBXGroup;
			children = (
				083F793F2C1C0FD2005E552A /* HexagonParameters.swift */,
				083F79432C1C10C2005E552A /* BadgeBackground.swift */,
				083F79452C1C13DB005E552A /* BadgeSymbol.swift */,
				083F79472C1C1499005E552A /* RotatedBadgeSymbol.swift */,
				083F79492C1C14EC005E552A /* Badge.swift */,
			);
			path = Badges;
			sourceTree = "<group>";
		};
		083F794C2C1C170A005E552A /* Hikes */ = {
			isa = PBXGroup;
			children = (
				083F794D2C1C170A005E552A /* GraphCapsule.swift */,
				083F794E2C1C170A005E552A /* HikeGraph.swift */,
				083F794F2C1C170A005E552A /* HikeDetail.swift */,
				083F79502C1C170A005E552A /* HikeView.swift */,
			);
			path = Hikes;
			sourceTree = "<group>";
		};
/* End PBXGroup section */

/* Begin PBXNativeTarget section */
		083F79162C1BCCEF005E552A /* Landmarks */ = {
			isa = PBXNativeTarget;
			buildConfigurationList = 083F79252C1BCCF1005E552A /* Build configuration list for PBXNativeTarget "Landmarks" */;
			buildPhases = (
				083F79132C1BCCEF005E552A /* Sources */,
				083F79142C1BCCEF005E552A /* Frameworks */,
				083F79152C1BCCEF005E552A /* Resources */,
			);
			buildRules = (
			);
			dependencies = (
			);
			name = Landmarks;
			productName = Landmarks;
			productReference = 083F79172C1BCCEF005E552A /* Landmarks.app */;
			productType = "com.apple.product-type.application";
		};
/* End PBXNativeTarget section */

/* Begin PBXProject section */
		083F790F2C1BCCEF005E552A /* Project object */ = {
			isa = PBXProject;
			attributes = {
				BuildIndependentTargetsInParallel = 1;
				LastSwiftUpdateCheck = 1520;
				LastUpgradeCheck = 1520;
				TargetAttributes = {
					083F79162C1BCCEF005E552A = {
						CreatedOnToolsVersion = 15.2;
					};
				};
			};
			buildConfigurationList = 083F79122C1BCCEF005E552A /* Build configuration list for PBXProject "Landmarks" */;
			compatibilityVersion = "Xcode 14.0";
			developmentRegion = en;
			hasScannedForEncodings = 0;
			knownRegions = (
				en,
				Base,
			);
			mainGroup = 083F790E2C1BCCEF005E552A;
			productRefGroup = 083F79182C1BCCEF005E552A /* Products */;
			projectDirPath = "";
			projectRoot = "";
			targets = (
				083F79162C1BCCEF005E552A /* Landmarks */,
			);
		};
/* End PBXProject section */

/* Begin PBXResourcesBuildPhase section */
		083F79152C1BCCEF005E552A /* Resources */ = {
			isa = PBXResourcesBuildPhase;
			buildActionMask = 2147483647;
			files = (
				083F79562C1C172C005E552A /* hikeData.json in Resources */,
				083F79222C1BCCF1005E552A /* Preview Assets.xcassets in Resources */,
				083F791F2C1BCCF1005E552A /* Assets.xcassets in Resources */,
				083F792D2C1BE02E005E552A /* landmarkData.json in Resources */,
			);
			runOnlyForDeploymentPostprocessing = 0;
		};
/* End PBXResourcesBuildPhase section */

/* Begin PBXSourcesBuildPhase section */
		083F79132C1BCCEF005E552A /* Sources */ = {
			isa = PBXSourcesBuildPhase;
			buildActionMask = 2147483647;
			files = (
				083F795C2C1C2370005E552A /* CategoryRow.swift in Sources */,
				023700302C1F0B4E00CC69CE /* Profile.swift in Sources */,
				083F791D2C1BCCEF005E552A /* ContentView.swift in Sources */,
				083F795A2C1C221A005E552A /* CategoryHome.swift in Sources */,
				08C285252C1FBE3E002C7735 /* FeatureCard.swift in Sources */,
				083F794A2C1C14EC005E552A /* Badge.swift in Sources */,
				083F79312C1BE277005E552A /* Data.swift in Sources */,
				083F792B2C1BDC2D005E552A /* MapView.swift in Sources */,
				083F79542C1C170A005E552A /* HikeView.swift in Sources */,
				083F793C2C1C0AB8005E552A /* FavoriteButton.swift in Sources */,
				08C285292C1FC481002C7735 /* PageControl.swift in Sources */,
				083F79402C1C0FD2005E552A /* HexagonParameters.swift in Sources */,
				083F795E2C1C24AB005E552A /* CategoryItem.swift in Sources */,
				083F79482C1C1499005E552A /* RotatedBadgeSymbol.swift in Sources */,
				023700342C1F0C6000CC69CE /* ProfileSummary.swift in Sources */,
				083F79462C1C13DB005E552A /* BadgeSymbol.swift in Sources */,
				023700322C1F0C0B00CC69CE /* ProfileHost.swift in Sources */,
				083F79372C1BE543005E552A /* LandmarkList.swift in Sources */,
				083F79582C1C1765005E552A /* Hike.swift in Sources */,
				08C285272C1FBFF1002C7735 /* PageView.swift in Sources */,
				083F793A2C1BE66E005E552A /* LandmarkDetail.swift in Sources */,
				023700382C1F186500CC69CE /* ProfileEditor.swift in Sources */,
				083F79442C1C10C2005E552A /* BadgeBackground.swift in Sources */,
				083F79532C1C170A005E552A /* HikeDetail.swift in Sources */,
				083F791B2C1BCCEF005E552A /* LandmarksApp.swift in Sources */,
				08C285232C1FBCBB002C7735 /* PageViewController.swift in Sources */,
				083F79512C1C170A005E552A /* GraphCapsule.swift in Sources */,
				023700362C1F112D00CC69CE /* HikeBadge.swift in Sources */,
				083F79292C1BDB89005E552A /* CircleImage.swift in Sources */,
				083F79352C1BE3A1005E552A /* LandmarkRow.swift in Sources */,
				083F792F2C1BE053005E552A /* Landmark.swift in Sources */,
				083F79522C1C170A005E552A /* HikeGraph.swift in Sources */,
			);
			runOnlyForDeploymentPostprocessing = 0;
		};
/* End PBXSourcesBuildPhase section */

/* Begin XCBuildConfiguration section */
		083F79232C1BCCF1005E552A /* Debug */ = {
			isa = XCBuildConfiguration;
			buildSettings = {
				ALWAYS_SEARCH_USER_PATHS = NO;
				ASSETCATALOG_COMPILER_GENERATE_SWIFT_ASSET_SYMBOL_EXTENSIONS = YES;
				CLANG_ANALYZER_NONNULL = YES;
				CLANG_ANALYZER_NUMBER_OBJECT_CONVERSION = YES_AGGRESSIVE;
				CLANG_CXX_LANGUAGE_STANDARD = "gnu++20";
				CLANG_ENABLE_MODULES = YES;
				CLANG_ENABLE_OBJC_ARC = YES;
				CLANG_ENABLE_OBJC_WEAK = YES;
				CLANG_WARN_BLOCK_CAPTURE_AUTORELEASING = YES;
				CLANG_WARN_BOOL_CONVERSION = YES;
				CLANG_WARN_COMMA = YES;
				CLANG_WARN_CONSTANT_CONVERSION = YES;
				CLANG_WARN_DEPRECATED_OBJC_IMPLEMENTATIONS = YES;
				CLANG_WARN_DIRECT_OBJC_ISA_USAGE = YES_ERROR;
				CLANG_WARN_DOCUMENTATION_COMMENTS = YES;
				CLANG_WARN_EMPTY_BODY = YES;
				CLANG_WARN_ENUM_CONVERSION = YES;
				CLANG_WARN_INFINITE_RECURSION = YES;
				CLANG_WARN_INT_CONVERSION = YES;
				CLANG_WARN_NON_LITERAL_NULL_CONVERSION = YES;
				CLANG_WARN_OBJC_IMPLICIT_RETAIN_SELF = YES;
				CLANG_WARN_OBJC_LITERAL_CONVERSION = YES;
				CLANG_WARN_OBJC_ROOT_CLASS = YES_ERROR;
				CLANG_WARN_QUOTED_INCLUDE_IN_FRAMEWORK_HEADER = YES;
				CLANG_WARN_RANGE_LOOP_ANALYSIS = YES;
				CLANG_WARN_STRICT_PROTOTYPES = YES;
				CLANG_WARN_SUSPICIOUS_MOVE = YES;
				CLANG_WARN_UNGUARDED_AVAILABILITY = YES_AGGRESSIVE;
				CLANG_WARN_UNREACHABLE_CODE = YES;
				CLANG_WARN__DUPLICATE_METHOD_MATCH = YES;
				COPY_PHASE_STRIP = NO;
				DEBUG_INFORMATION_FORMAT = dwarf;
				ENABLE_STRICT_OBJC_MSGSEND = YES;
				ENABLE_TESTABILITY = YES;
				ENABLE_USER_SCRIPT_SANDBOXING = YES;
				GCC_C_LANGUAGE_STANDARD = gnu17;
				GCC_DYNAMIC_NO_PIC = NO;
				GCC_NO_COMMON_BLOCKS = YES;
				GCC_OPTIMIZATION_LEVEL = 0;
				GCC_PREPROCESSOR_DEFINITIONS = (
					"DEBUG=1",
					"$(inherited)",
				);
				GCC_WARN_64_TO_32_BIT_CONVERSION = YES;
				GCC_WARN_ABOUT_RETURN_TYPE = YES_ERROR;
				GCC_WARN_UNDECLARED_SELECTOR = YES;
				GCC_WARN_UNINITIALIZED_AUTOS = YES_AGGRESSIVE;
				GCC_WARN_UNUSED_FUNCTION = YES;
				GCC_WARN_UNUSED_VARIABLE = YES;
				IPHONEOS_DEPLOYMENT_TARGET = 17.0;
				LOCALIZATION_PREFERS_STRING_CATALOGS = YES;
				MTL_ENABLE_DEBUG_INFO = INCLUDE_SOURCE;
				MTL_FAST_MATH = YES;
				ONLY_ACTIVE_ARCH = YES;
				SDKROOT = iphoneos;
				SWIFT_ACTIVE_COMPILATION_CONDITIONS = "DEBUG $(inherited)";
				SWIFT_OPTIMIZATION_LEVEL = "-Onone";
			};
			name = Debug;
		};
		083F79242C1BCCF1005E552A /* Release */ = {
			isa = XCBuildConfiguration;
			buildSettings = {
				ALWAYS_SEARCH_USER_PATHS = NO;
				ASSETCATALOG_COMPILER_GENERATE_SWIFT_ASSET_SYMBOL_EXTENSIONS = YES;
				CLANG_ANALYZER_NONNULL = YES;
				CLANG_ANALYZER_NUMBER_OBJECT_CONVERSION = YES_AGGRESSIVE;
				CLANG_CXX_LANGUAGE_STANDARD = "gnu++20";
				CLANG_ENABLE_MODULES = YES;
				CLANG_ENABLE_OBJC_ARC = YES;
				CLANG_ENABLE_OBJC_WEAK = YES;
				CLANG_WARN_BLOCK_CAPTURE_AUTORELEASING = YES;
				CLANG_WARN_BOOL_CONVERSION = YES;
				CLANG_WARN_COMMA = YES;
				CLANG_WARN_CONSTANT_CONVERSION = YES;
				CLANG_WARN_DEPRECATED_OBJC_IMPLEMENTATIONS = YES;
				CLANG_WARN_DIRECT_OBJC_ISA_USAGE = YES_ERROR;
				CLANG_WARN_DOCUMENTATION_COMMENTS = YES;
				CLANG_WARN_EMPTY_BODY = YES;
				CLANG_WARN_ENUM_CONVERSION = YES;
				CLANG_WARN_INFINITE_RECURSION = YES;
				CLANG_WARN_INT_CONVERSION = YES;
				CLANG_WARN_NON_LITERAL_NULL_CONVERSION = YES;
				CLANG_WARN_OBJC_IMPLICIT_RETAIN_SELF = YES;
				CLANG_WARN_OBJC_LITERAL_CONVERSION = YES;
				CLANG_WARN_OBJC_ROOT_CLASS = YES_ERROR;
				CLANG_WARN_QUOTED_INCLUDE_IN_FRAMEWORK_HEADER = YES;
				CLANG_WARN_RANGE_LOOP_ANALYSIS = YES;
				CLANG_WARN_STRICT_PROTOTYPES = YES;
				CLANG_WARN_SUSPICIOUS_MOVE = YES;
				CLANG_WARN_UNGUARDED_AVAILABILITY = YES_AGGRESSIVE;
				CLANG_WARN_UNREACHABLE_CODE = YES;
				CLANG_WARN__DUPLICATE_METHOD_MATCH = YES;
				COPY_PHASE_STRIP = NO;
				DEBUG_INFORMATION_FORMAT = "dwarf-with-dsym";
				ENABLE_NS_ASSERTIONS = NO;
				ENABLE_STRICT_OBJC_MSGSEND = YES;
				ENABLE_USER_SCRIPT_SANDBOXING = YES;
				GCC_C_LANGUAGE_STANDARD = gnu17;
				GCC_NO_COMMON_BLOCKS = YES;
				GCC_WARN_64_TO_32_BIT_CONVERSION = YES;
				GCC_WARN_ABOUT_RETURN_TYPE = YES_ERROR;
				GCC_WARN_UNDECLARED_SELECTOR = YES;
				GCC_WARN_UNINITIALIZED_AUTOS = YES_AGGRESSIVE;
				GCC_WARN_UNUSED_FUNCTION = YES;
				GCC_WARN_UNUSED_VARIABLE = YES;
				IPHONEOS_DEPLOYMENT_TARGET = 17.0;
				LOCALIZATION_PREFERS_STRING_CATALOGS = YES;
				MTL_ENABLE_DEBUG_INFO = NO;
				MTL_FAST_MATH = YES;
				SDKROOT = iphoneos;
				SWIFT_COMPILATION_MODE = wholemodule;
				VALIDATE_PRODUCT = YES;
			};
			name = Release;
		};
		083F79262C1BCCF1005E552A /* Debug */ = {
			isa = XCBuildConfiguration;
			buildSettings = {
				ASSETCATALOG_COMPILER_APPICON_NAME = AppIcon;
				ASSETCATALOG_COMPILER_GLOBAL_ACCENT_COLOR_NAME = AccentColor;
				CODE_SIGN_STYLE = Automatic;
				CURRENT_PROJECT_VERSION = 1;
				DEVELOPMENT_ASSET_PATHS = "\"Landmarks/Preview Content\"";
				ENABLE_PREVIEWS = YES;
				GENERATE_INFOPLIST_FILE = YES;
				INFOPLIST_KEY_UIApplicationSceneManifest_Generation = YES;
				INFOPLIST_KEY_UIApplicationSupportsIndirectInputEvents = YES;
				INFOPLIST_KEY_UILaunchScreen_Generation = YES;
				INFOPLIST_KEY_UISupportedInterfaceOrientations_iPad = "UIInterfaceOrientationPortrait UIInterfaceOrientationPortraitUpsideDown UIInterfaceOrientationLandscapeLeft UIInterfaceOrientationLandscapeRight";
				INFOPLIST_KEY_UISupportedInterfaceOrientations_iPhone = "UIInterfaceOrientationPortrait UIInterfaceOrientationLandscapeLeft UIInterfaceOrientationLandscapeRight";
				LD_RUNPATH_SEARCH_PATHS = (
					"$(inherited)",
					"@executable_path/Frameworks",
				);
				MARKETING_VERSION = 1.0;
				PRODUCT_BUNDLE_IDENTIFIER = com.sangjun.Landmarks;
				PRODUCT_NAME = "$(TARGET_NAME)";
				SWIFT_EMIT_LOC_STRINGS = YES;
				SWIFT_VERSION = 5.0;
				TARGETED_DEVICE_FAMILY = "1,2";
			};
			name = Debug;
		};
		083F79272C1BCCF1005E552A /* Release */ = {
			isa = XCBuildConfiguration;
			buildSettings = {
				ASSETCATALOG_COMPILER_APPICON_NAME = AppIcon;
				ASSETCATALOG_COMPILER_GLOBAL_ACCENT_COLOR_NAME = AccentColor;
				CODE_SIGN_STYLE = Automatic;
				CURRENT_PROJECT_VERSION = 1;
				DEVELOPMENT_ASSET_PATHS = "\"Landmarks/Preview Content\"";
				ENABLE_PREVIEWS = YES;
				GENERATE_INFOPLIST_FILE = YES;
				INFOPLIST_KEY_UIApplicationSceneManifest_Generation = YES;
				INFOPLIST_KEY_UIApplicationSupportsIndirectInputEvents = YES;
				INFOPLIST_KEY_UILaunchScreen_Generation = YES;
				INFOPLIST_KEY_UISupportedInterfaceOrientations_iPad = "UIInterfaceOrientationPortrait UIInterfaceOrientationPortraitUpsideDown UIInterfaceOrientationLandscapeLeft UIInterfaceOrientationLandscapeRight";
				INFOPLIST_KEY_UISupportedInterfaceOrientations_iPhone = "UIInterfaceOrientationPortrait UIInterfaceOrientationLandscapeLeft UIInterfaceOrientationLandscapeRight";
				LD_RUNPATH_SEARCH_PATHS = (
					"$(inherited)",
					"@executable_path/Frameworks",
				);
				MARKETING_VERSION = 1.0;
				PRODUCT_BUNDLE_IDENTIFIER = com.sangjun.Landmarks;
				PRODUCT_NAME = "$(TARGET_NAME)";
				SWIFT_EMIT_LOC_STRINGS = YES;
				SWIFT_VERSION = 5.0;
				TARGETED_DEVICE_FAMILY = "1,2";
			};
			name = Release;
		};
/* End XCBuildConfiguration section */

/* Begin XCConfigurationList section */
		083F79122C1BCCEF005E552A /* Build configuration list for PBXProject "Landmarks" */ = {
			isa = XCConfigurationList;
			buildConfigurations = (
				083F79232C1BCCF1005E552A /* Debug */,
				083F79242C1BCCF1005E552A /* Release */,
			);
			defaultConfigurationIsVisible = 0;
			defaultConfigurationName = Release;
		};
		083F79252C1BCCF1005E552A /* Build configuration list for PBXNativeTarget "Landmarks" */ = {
			isa = XCConfigurationList;
			buildConfigurations = (
				083F79262C1BCCF1005E552A /* Debug */,
				083F79272C1BCCF1005E552A /* Release */,
			);
			defaultConfigurationIsVisible = 0;
			defaultConfigurationName = Release;
		};
/* End XCConfigurationList section */
	};
	rootObject = 083F790F2C1BCCEF005E552A /* Project object */;
}
